
Microsoft Visual Studio Solution File, Format Version 12.00
# Visual Studio 15
VisualStudioVersion = 15.0.27004.2010
MinimumVisualStudioVersion = 10.0.40219.1
Project("{FAE04EC0-301F-11D3-BF4B-00C04F79EFBC}") = "WebApp", "WebApp\WebApp.csproj", "{332794D0-5682-45E2-BE64-7B735E18AEA1}"
EndProject
Project("{FAE04EC0-301F-11D3-BF4B-00C04F79EFBC}") = "WebApp.Tests", "WebApp.Tests\WebApp.Tests.csproj", "{D33D5047-1702-43A6-A499-220280101EFE}"
EndProject
Project("{00D1A9C2-B5F0-4AF3-8072-F6C62B433612}") = "Database", "Database\Database.sqlproj", "{D82CE8CD-B979-41EA-8617-C62DE55BBA54}"
EndProject
Global
	GlobalSection(SolutionConfigurationPlatforms) = preSolution
		Debug|Any CPU = Debug|Any CPU
		Release|Any CPU = Release|Any CPU
	EndGlobalSection
	GlobalSection(ProjectConfigurationPlatforms) = postSolution
		{332794D0-5682-45E2-BE64-7B735E18AEA1}.Debug|Any CPU.ActiveCfg = Debug|Any CPU
		{332794D0-5682-45E2-BE64-7B735E18AEA1}.Debug|Any CPU.Build.0 = Debug|Any CPU
		{332794D0-5682-45E2-BE64-7B735E18AEA1}.Release|Any CPU.ActiveCfg = Release|Any CPU
		{332794D0-5682-45E2-BE64-7B735E18AEA1}.Release|Any CPU.Build.0 = Release|Any CPU
		{D33D5047-1702-43A6-A499-220280101EFE}.Debug|Any CPU.ActiveCfg = Debug|Any CPU
		{D33D5047-1702-43A6-A499-220280101EFE}.Debug|Any CPU.Build.0 = Debug|Any CPU
		{D33D5047-1702-43A6-A499-220280101EFE}.Release|Any CPU.ActiveCfg = Release|Any CPU
		{D33D5047-1702-43A6-A499-220280101EFE}.Release|Any CPU.Build.0 = Release|Any CPU
		{D82CE8CD-B979-41EA-8617-C62DE55BBA54}.Debug|Any CPU.ActiveCfg = Debug|Any CPU
		{D82CE8CD-B979-41EA-8617-C62DE55BBA54}.Debug|Any CPU.Build.0 = Debug|Any CPU
		{D82CE8CD-B979-41EA-8617-C62DE55BBA54}.Debug|Any CPU.Deploy.0 = Debug|Any CPU
		{D82CE8CD-B979-41EA-8617-C62DE55BBA54}.Release|Any CPU.ActiveCfg = Release|Any CPU
		{D82CE8CD-B979-41EA-8617-C62DE55BBA54}.Release|Any CPU.Build.0 = Release|Any CPU
		{D82CE8CD-B979-41EA-8617-C62DE55BBA54}.Release|Any CPU.Deploy.0 = Release|Any CPU
	EndGlobalSection
	GlobalSection(SolutionProperties) = preSolution
		HideSolutionNode = FALSE
	EndGlobalSection
	GlobalSection(ExtensibilityGlobals) = postSolution
		SolutionGuid = {5DC81B68-D3CD-4848-9DD9-0A73EB88DC7D}
	EndGlobalSection
EndGlobal
